
Microsoft Visual Studio Solution File, Format Version 12.00
# Visual Studio Version 16
VisualStudioVersion = 16.0.31729.503
MinimumVisualStudioVersion = 10.0.40219.1
Project("{8BC9CEB8-8B4A-11D0-8D11-00A0C91BC942}") = "图形2", "图形2\图形2.vcxproj", "{FA2236E4-3C31-4747-BC9F-E9888A7BD029}"
EndProject
Global
	GlobalSection(SolutionConfigurationPlatforms) = preSolution
		Debug|x64 = Debug|x64
		Debug|x86 = Debug|x86
		Release|x64 = Release|x64
		Release|x86 = Release|x86
	EndGlobalSection
	GlobalSection(ProjectConfigurationPlatforms) = postSolution
		{FA2236E4-3C31-4747-BC9F-E9888A7BD029}.Debug|x64.ActiveCfg = Debug|x64
		{FA2236E4-3C31-4747-BC9F-E9888A7BD029}.Debug|x64.Build.0 = Debug|x64
		{FA2236E4-3C31-4747-BC9F-E9888A7BD029}.Debug|x86.ActiveCfg = Debug|Win32
		{FA2236E4-3C31-4747-BC9F-E9888A7BD029}.Debug|x86.Build.0 = Debug|Win32
		{FA2236E4-3C31-4747-BC9F-E9888A7BD029}.Release|x64.ActiveCfg = Release|x64
		{FA2236E4-3C31-4747-BC9F-E9888A7BD029}.Release|x64.Build.0 = Release|x64
		{FA2236E4-3C31-4747-BC9F-E9888A7BD029}.Release|x86.ActiveCfg = Release|Win32
		{FA2236E4-3C31-4747-BC9F-E9888A7BD029}.Release|x86.Build.0 = Release|Win32
	EndGlobalSection
	GlobalSection(SolutionProperties) = preSolution
		HideSolutionNode = FALSE
	EndGlobalSection
	GlobalSection(ExtensibilityGlobals) = postSolution
		SolutionGuid = {6FA888C5-BA1A-4C58-8F1B-B812C69C5301}
	EndGlobalSection
EndGlobal
